
Microsoft Visual Studio Solution File, Format Version 12.00
# Visual Studio 15
VisualStudioVersion = 15.0.28010.2041
MinimumVisualStudioVersion = 10.0.40219.1
Project("{FAE04EC0-301F-11D3-BF4B-00C04F79EFBC}") = "Ex17_InheritanceAndBasics02", "Ex17_InheritanceAndBasics02\Ex17_InheritanceAndBasics02.csproj", "{23B63491-9366-431F-A5E3-87DC5C90B0BE}"
EndProject
Project("{FAE04EC0-301F-11D3-BF4B-00C04F79EFBC}") = "UnitTestProject1", "UnitTestProject1\UnitTestProject1.csproj", "{AE3C893D-0EB4-46A6-AFD2-3DE6817FA508}"
EndProject
Global
	GlobalSection(SolutionConfigurationPlatforms) = preSolution
		Debug|Any CPU = Debug|Any CPU
		Release|Any CPU = Release|Any CPU
	EndGlobalSection
	GlobalSection(ProjectConfigurationPlatforms) = postSolution
		{23B63491-9366-431F-A5E3-87DC5C90B0BE}.Debug|Any CPU.ActiveCfg = Debug|Any CPU
		{23B63491-9366-431F-A5E3-87DC5C90B0BE}.Debug|Any CPU.Build.0 = Debug|Any CPU
		{23B63491-9366-431F-A5E3-87DC5C90B0BE}.Release|Any CPU.ActiveCfg = Release|Any CPU
		{23B63491-9366-431F-A5E3-87DC5C90B0BE}.Release|Any CPU.Build.0 = Release|Any CPU
		{AE3C893D-0EB4-46A6-AFD2-3DE6817FA508}.Debug|Any CPU.ActiveCfg = Debug|Any CPU
		{AE3C893D-0EB4-46A6-AFD2-3DE6817FA508}.Debug|Any CPU.Build.0 = Debug|Any CPU
		{AE3C893D-0EB4-46A6-AFD2-3DE6817FA508}.Release|Any CPU.ActiveCfg = Release|Any CPU
		{AE3C893D-0EB4-46A6-AFD2-3DE6817FA508}.Release|Any CPU.Build.0 = Release|Any CPU
	EndGlobalSection
	GlobalSection(SolutionProperties) = preSolution
		HideSolutionNode = FALSE
	EndGlobalSection
	GlobalSection(ExtensibilityGlobals) = postSolution
		SolutionGuid = {8E498285-0136-4DD8-A6C9-A246830DBD9B}
	EndGlobalSection
EndGlobal
